// !$*UTF8*$!
{
	archiveVersion = 1;
	classes = {
	};
	objectVersion = 77;
	objects = {

/* Begin PBXBuildFile section */
		9619DFDF2FE47E1900506BB5 /* WidgetKit.framework in Frameworks */ = {isa = PBXBuildFile; fileRef = 9619DFDE2FE47E1900506BB5 /* WidgetKit.framework */; };
		9619DFE12FE47E1900506BB5 /* SwiftUI.framework in Frameworks */ = {isa = PBXBuildFile; fileRef = 9619DFE02FE47E1900506BB5 /* SwiftUI.framework */; };
		9619DFEE2FE47E1A00506BB5 /* LiveActivityExtension.appex in Embed Foundation Extensions */ = {isa = PBXBuildFile; fileRef = 9619DFDC2FE47E1900506BB5 /* LiveActivityExtension.appex */; settings = {ATTRIBUTES = (RemoveHeadersOnCopy, ); }; };
/* End PBXBuildFile section */

/* Begin PBXContainerItemProxy section */
		9619DF992FE47A2000506BB5 /* PBXContainerItemProxy */ = {
			isa = PBXContainerItemProxy;
			containerPortal = 9619DF7F2FE47A1F00506BB5 /* Project object */;
			proxyType = 1;
			remoteGlobalIDString = 9619DF862FE47A1F00506BB5;
			remoteInfo = "Out for Delivery";
		};
		9619DFA32FE47A2000506BB5 /* PBXContainerItemProxy */ = {
			isa = PBXContainerItemProxy;
			containerPortal = 9619DF7F2FE47A1F00506BB5 /* Project object */;
			proxyType = 1;
			remoteGlobalIDString = 9619DF862FE47A1F00506BB5;
			remoteInfo = "Out for Delivery";
		};
		9619DFEC2FE47E1A00506BB5 /* PBXContainerItemProxy */ = {
			isa = PBXContainerItemProxy;
			containerPortal = 9619DF7F2FE47A1F00506BB5 /* Project object */;
			proxyType = 1;
			remoteGlobalIDString = 9619DFDB2FE47E1900506BB5;
			remoteInfo = LiveActivityExtension;
		};
/* End PBXContainerItemProxy section */

/* Begin PBXCopyFilesBuildPhase section */
		9619DFF32FE47E1A00506BB5 /* Embed Foundation Extensions */ = {
			isa = PBXCopyFilesBuildPhase;
			buildActionMask = 2147483647;
			dstPath = "";
			dstSubfolderSpec = 13;
			files = (
				9619DFEE2FE47E1A00506BB5 /* LiveActivityExtension.appex in Embed Foundation Extensions */,
			);
			name = "Embed Foundation Extensions";
			runOnlyForDeploymentPostprocessing = 0;
		};
/* End PBXCopyFilesBuildPhase section */

/* Begin PBXFileReference section */
		9619DF872FE47A1F00506BB5 /* Out for Delivery.app */ = {isa = PBXFileReference; explicitFileType = wrapper.application; includeInIndex = 0; path = "Out for Delivery.app"; sourceTree = BUILT_PRODUCTS_DIR; };
		9619DF982FE47A2000506BB5 /* Out for DeliveryTests.xctest */ = {isa = PBXFileReference; explicitFileType = wrapper.cfbundle; includeInIndex = 0; path = "Out for DeliveryTests.xctest"; sourceTree = BUILT_PRODUCTS_DIR; };
		9619DFA22FE47A2000506BB5 /* Out for DeliveryUITests.xctest */ = {isa = PBXFileReference; explicitFileType = wrapper.cfbundle; includeInIndex = 0; path = "Out for DeliveryUITests.xctest"; sourceTree = BUILT_PRODUCTS_DIR; };
		9619DFDC2FE47E1900506BB5 /* LiveActivityExtension.appex */ = {isa = PBXFileReference; explicitFileType = "wrapper.app-extension"; includeInIndex = 0; path = LiveActivityExtension.appex; sourceTree = BUILT_PRODUCTS_DIR; };
		9619DFDE2FE47E1900506BB5 /* WidgetKit.framework */ = {isa = PBXFileReference; lastKnownFileType = wrapper.framework; name = WidgetKit.framework; path = System/Library/Frameworks/WidgetKit.framework; sourceTree = SDKROOT; };
		9619DFE02FE47E1900506BB5 /* SwiftUI.framework */ = {isa = PBXFileReference; lastKnownFileType = wrapper.framework; name = SwiftUI.framework; path = System/Library/Frameworks/SwiftUI.framework; sourceTree = SDKROOT; };
/* End PBXFileReference section */

/* Begin PBXFileSystemSynchronizedBuildFileExceptionSet section */
		9619DFAA2FE47A2000506BB5 /* Exceptions for "Out for Delivery" folder in "Out for Delivery" target */ = {
			isa = PBXFileSystemSynchronizedBuildFileExceptionSet;
			membershipExceptions = (
				Info.plist,
			);
			target = 9619DF862FE47A1F00506BB5 /* Out for Delivery */;
		};
		9619DFF22FE47E1A00506BB5 /* Exceptions for "LiveActivity" folder in "LiveActivityExtension" target */ = {
			isa = PBXFileSystemSynchronizedBuildFileExceptionSet;
			membershipExceptions = (
				Info.plist,
			);
			target = 9619DFDB2FE47E1900506BB5 /* LiveActivityExtension */;
		};
		9619DFF72FE47F8400506BB5 /* Exceptions for "Out for Delivery" folder in "LiveActivityExtension" target */ = {
			isa = PBXFileSystemSynchronizedBuildFileExceptionSet;
			membershipExceptions = (
				ContractionActivityAttributes.swift,
				ToggleContractionIntent.swift,
			);
			target = 9619DFDB2FE47E1900506BB5 /* LiveActivityExtension */;
		};
/* End PBXFileSystemSynchronizedBuildFileExceptionSet section */

/* Begin PBXFileSystemSynchronizedRootGroup section */
		9619DF892FE47A1F00506BB5 /* Out for Delivery */ = {
			isa = PBXFileSystemSynchronizedRootGroup;
			exceptions = (
				9619DFAA2FE47A2000506BB5 /* Exceptions for "Out for Delivery" folder in "Out for Delivery" target */,
				9619DFF72FE47F8400506BB5 /* Exceptions for "Out for Delivery" folder in "LiveActivityExtension" target */,
			);
			path = "Out for Delivery";
			sourceTree = "<group>";
		};
		9619DF9B2FE47A2000506BB5 /* Out for DeliveryTests */ = {
			isa = PBXFileSystemSynchronizedRootGroup;
			path = "Out for DeliveryTests";
			sourceTree = "<group>";
		};
		9619DFA52FE47A2000506BB5 /* Out for DeliveryUITests */ = {
			isa = PBXFileSystemSynchronizedRootGroup;
			path = "Out for DeliveryUITests";
			sourceTree = "<group>";
		};
		9619DFE22FE47E1900506BB5 /* LiveActivity */ = {
			isa = PBXFileSystemSynchronizedRootGroup;
			exceptions = (
				9619DFF22FE47E1A00506BB5 /* Exceptions for "LiveActivity" folder in "LiveActivityExtension" target */,
			);
			path = LiveActivity;
			sourceTree = "<group>";
		};
		96C38B472FEDB2BF00AF50FD /* docs */ = {
			isa = PBXFileSystemSynchronizedRootGroup;
			path = docs;
			sourceTree = "<group>";
		};
/* End PBXFileSystemSynchronizedRootGroup section */

/* Begin PBXFrameworksBuildPhase section */
		9619DF842FE47A1F00506BB5 /* Frameworks */ = {
			isa = PBXFrameworksBuildPhase;
			buildActionMask = 2147483647;
			files = (
			);
			runOnlyForDeploymentPostprocessing = 0;
		};
		9619DF952FE47A2000506BB5 /* Frameworks */ = {
			isa = PBXFrameworksBuildPhase;
			buildActionMask = 2147483647;
			files = (
			);
			runOnlyForDeploymentPostprocessing = 0;
		};
		9619DF9F2FE47A2000506BB5 /* Frameworks */ = {
			isa = PBXFrameworksBuildPhase;
			buildActionMask = 2147483647;
			files = (
			);
			runOnlyForDeploymentPostprocessing = 0;
		};
		9619DFD92FE47E1900506BB5 /* Frameworks */ = {
			isa = PBXFrameworksBuildPhase;
			buildActionMask = 2147483647;
			files = (
				9619DFE12FE47E1900506BB5 /* SwiftUI.framework in Frameworks */,
				9619DFDF2FE47E1900506BB5 /* WidgetKit.framework in Frameworks */,
			);
			runOnlyForDeploymentPostprocessing = 0;
		};
/* End PBXFrameworksBuildPhase section */

/* Begin PBXGroup section */
		9619DF7E2FE47A1F00506BB5 = {
			isa = PBXGroup;
			children = (
				96C38B472FEDB2BF00AF50FD /* docs */,
				9619DF892FE47A1F00506BB5 /* Out for Delivery */,
				9619DF9B2FE47A2000506BB5 /* Out for DeliveryTests */,
				9619DFA52FE47A2000506BB5 /* Out for DeliveryUITests */,
				9619DFE22FE47E1900506BB5 /* LiveActivity */,
				9619DFDD2FE47E1900506BB5 /* Frameworks */,
				9619DF882FE47A1F00506BB5 /* Products */,
			);
			sourceTree = "<group>";
		};
		9619DF882FE47A1F00506BB5 /* Products */ = {
			isa = PBXGroup;
			children = (
				9619DF872FE47A1F00506BB5 /* Out for Delivery.app */,
				9619DF982FE47A2000506BB5 /* Out for DeliveryTests.xctest */,
				9619DFA22FE47A2000506BB5 /* Out for DeliveryUITests.xctest */,
				9619DFDC2FE47E1900506BB5 /* LiveActivityExtension.appex */,
			);
			name = Products;
			sourceTree = "<group>";
		};
		9619DFDD2FE47E1900506BB5 /* Frameworks */ = {
			isa = PBXGroup;
			children = (
				9619DFDE2FE47E1900506BB5 /* WidgetKit.framework */,
				9619DFE02FE47E1900506BB5 /* SwiftUI.framework */,
			);
			name = Frameworks;
			sourceTree = "<group>";
		};
/* End PBXGroup section */

/* Begin PBXNativeTarget section */
		9619DF862FE47A1F00506BB5 /* Out for Delivery */ = {
			isa = PBXNativeTarget;
			buildConfigurationList = 9619DFAB2FE47A2000506BB5 /* Build configuration list for PBXNativeTarget "Out for Delivery" */;
			buildPhases = (
				9619DF832FE47A1F00506BB5 /* Sources */,
				9619DF842FE47A1F00506BB5 /* Frameworks */,
				9619DF852FE47A1F00506BB5 /* Resources */,
				9619DFF32FE47E1A00506BB5 /* Embed Foundation Extensions */,
			);
			buildRules = (
			);
			dependencies = (
				9619DFED2FE47E1A00506BB5 /* PBXTargetDependency */,
			);
			fileSystemSynchronizedGroups = (
				9619DF892FE47A1F00506BB5 /* Out for Delivery */,
			);
			name = "Out for Delivery";
			packageProductDependencies = (
			);
			productName = "Out for Delivery";
			productReference = 9619DF872FE47A1F00506BB5 /* Out for Delivery.app */;
			productType = "com.apple.product-type.application";
		};
		9619DF972FE47A2000506BB5 /* Out for DeliveryTests */ = {
			isa = PBXNativeTarget;
			buildConfigurationList = 9619DFB02FE47A2000506BB5 /* Build configuration list for PBXNativeTarget "Out for DeliveryTests" */;
			buildPhases = (
				9619DF942FE47A2000506BB5 /* Sources */,
				9619DF952FE47A2000506BB5 /* Frameworks */,
				9619DF962FE47A2000506BB5 /* Resources */,
			);
			buildRules = (
			);
			dependencies = (
				9619DF9A2FE47A2000506BB5 /* PBXTargetDependency */,
			);
			fileSystemSynchronizedGroups = (
				9619DF9B2FE47A2000506BB5 /* Out for DeliveryTests */,
			);
			name = "Out for DeliveryTests";
			packageProductDependencies = (
			);
			productName = "Out for DeliveryTests";
			productReference = 9619DF982FE47A2000506BB5 /* Out for DeliveryTests.xctest */;
			productType = "com.apple.product-type.bundle.unit-test";
		};
		9619DFA12FE47A2000506BB5 /* Out for DeliveryUITests */ = {
			isa = PBXNativeTarget;
			buildConfigurationList = 9619DFB32FE47A2000506BB5 /* Build configuration list for PBXNativeTarget "Out for DeliveryUITests" */;
			buildPhases = (
				9619DF9E2FE47A2000506BB5 /* Sources */,
				9619DF9F2FE47A2000506BB5 /* Frameworks */,
				9619DFA02FE47A2000506BB5 /* Resources */,
			);
			buildRules = (
			);
			dependencies = (
				9619DFA42FE47A2000506BB5 /* PBXTargetDependency */,
			);
			fileSystemSynchronizedGroups = (
				9619DFA52FE47A2000506BB5 /* Out for DeliveryUITests */,
			);
			name = "Out for DeliveryUITests";
			packageProductDependencies = (
			);
			productName = "Out for DeliveryUITests";
			productReference = 9619DFA22FE47A2000506BB5 /* Out for DeliveryUITests.xctest */;
			productType = "com.apple.product-type.bundle.ui-testing";
		};
		9619DFDB2FE47E1900506BB5 /* LiveActivityExtension */ = {
			isa = PBXNativeTarget;
			buildConfigurationList = 9619DFEF2FE47E1A00506BB5 /* Build configuration list for PBXNativeTarget "LiveActivityExtension" */;
			buildPhases = (
				9619DFD82FE47E1900506BB5 /* Sources */,
				9619DFD92FE47E1900506BB5 /* Frameworks */,
				9619DFDA2FE47E1900506BB5 /* Resources */,
			);
			buildRules = (
			);
			dependencies = (
			);
			fileSystemSynchronizedGroups = (
				9619DFE22FE47E1900506BB5 /* LiveActivity */,
			);
			name = LiveActivityExtension;
			packageProductDependencies = (
			);
			productName = LiveActivityExtension;
			productReference = 9619DFDC2FE47E1900506BB5 /* LiveActivityExtension.appex */;
			productType = "com.apple.product-type.app-extension";
		};
/* End PBXNativeTarget section */

/* Begin PBXProject section */
		9619DF7F2FE47A1F00506BB5 /* Project object */ = {
			isa = PBXProject;
			attributes = {
				BuildIndependentTargetsInParallel = 1;
				LastSwiftUpdateCheck = 2650;
				LastUpgradeCheck = 2700;
				TargetAttributes = {
					9619DF862FE47A1F00506BB5 = {
						CreatedOnToolsVersion = 26.5;
					};
					9619DF972FE47A2000506BB5 = {
						CreatedOnToolsVersion = 26.5;
						TestTargetID = 9619DF862FE47A1F00506BB5;
					};
					9619DFA12FE47A2000506BB5 = {
						CreatedOnToolsVersion = 26.5;
						TestTargetID = 9619DF862FE47A1F00506BB5;
					};
					9619DFDB2FE47E1900506BB5 = {
						CreatedOnToolsVersion = 26.5;
					};
				};
			};
			buildConfigurationList = 9619DF822FE47A1F00506BB5 /* Build configuration list for PBXProject "Out for Delivery" */;
			developmentRegion = en;
			hasScannedForEncodings = 0;
			knownRegions = (
				en,
				Base,
			);
			mainGroup = 9619DF7E2FE47A1F00506BB5;
			minimizedProjectReferenceProxies = 1;
			preferredProjectObjectVersion = 77;
			productRefGroup = 9619DF882FE47A1F00506BB5 /* Products */;
			projectDirPath = "";
			projectRoot = "";
			targets = (
				9619DF862FE47A1F00506BB5 /* Out for Delivery */,
				9619DF972FE47A2000506BB5 /* Out for DeliveryTests */,
				9619DFA12FE47A2000506BB5 /* Out for DeliveryUITests */,
				9619DFDB2FE47E1900506BB5 /* LiveActivityExtension */,
			);
		};
/* End PBXProject section */

/* Begin PBXResourcesBuildPhase section */
		9619DF852FE47A1F00506BB5 /* Resources */ = {
			isa = PBXResourcesBuildPhase;
			buildActionMask = 2147483647;
			files = (
			);
			runOnlyForDeploymentPostprocessing = 0;
		};
		9619DF962FE47A2000506BB5 /* Resources */ = {
			isa = PBXResourcesBuildPhase;
			buildActionMask = 2147483647;
			files = (
			);
			runOnlyForDeploymentPostprocessing = 0;
		};
		9619DFA02FE47A2000506BB5 /* Resources */ = {
			isa = PBXResourcesBuildPhase;
			buildActionMask = 2147483647;
			files = (
			);
			runOnlyForDeploymentPostprocessing = 0;
		};
		9619DFDA2FE47E1900506BB5 /* Resources */ = {
			isa = PBXResourcesBuildPhase;
			buildActionMask = 2147483647;
			files = (
			);
			runOnlyForDeploymentPostprocessing = 0;
		};
/* End PBXResourcesBuildPhase section */

/* Begin PBXSourcesBuildPhase section */
		9619DF832FE47A1F00506BB5 /* Sources */ = {
			isa = PBXSourcesBuildPhase;
			buildActionMask = 2147483647;
			files = (
			);
			runOnlyForDeploymentPostprocessing = 0;
		};
		9619DF942FE47A2000506BB5 /* Sources */ = {
			isa = PBXSourcesBuildPhase;
			buildActionMask = 2147483647;
			files = (
			);
			runOnlyForDeploymentPostprocessing = 0;
		};
		9619DF9E2FE47A2000506BB5 /* Sources */ = {
			isa = PBXSourcesBuildPhase;
			buildActionMask = 2147483647;
			files = (
			);
			runOnlyForDeploymentPostprocessing = 0;
		};
		9619DFD82FE47E1900506BB5 /* Sources */ = {
			isa = PBXSourcesBuildPhase;
			buildActionMask = 2147483647;
			files = (
			);
			runOnlyForDeploymentPostprocessing = 0;
		};
/* End PBXSourcesBuildPhase section */

/* Begin PBXTargetDependency section */
		9619DF9A2FE47A2000506BB5 /* PBXTargetDependency */ = {
			isa = PBXTargetDependency;
			target = 9619DF862FE47A1F00506BB5 /* Out for Delivery */;
			targetProxy = 9619DF992FE47A2000506BB5 /* PBXContainerItemProxy */;
		};
		9619DFA42FE47A2000506BB5 /* PBXTargetDependency */ = {
			isa = PBXTargetDependency;
			target = 9619DF862FE47A1F00506BB5 /* Out for Delivery */;
			targetProxy = 9619DFA32FE47A2000506BB5 /* PBXContainerItemProxy */;
		};
		9619DFED2FE47E1A00506BB5 /* PBXTargetDependency */ = {
			isa = PBXTargetDependency;
			target = 9619DFDB2FE47E1900506BB5 /* LiveActivityExtension */;
			targetProxy = 9619DFEC2FE47E1A00506BB5 /* PBXContainerItemProxy */;
		};
/* End PBXTargetDependency section */

/* Begin XCBuildConfiguration section */
		9619DFAC2FE47A2000506BB5 /* Debug */ = {
			isa = XCBuildConfiguration;
			buildSettings = {
				ASSETCATALOG_COMPILER_APPICON_NAME = "Out-for-Delivery";
				ASSETCATALOG_COMPILER_GLOBAL_ACCENT_COLOR_NAME = AccentColor;
				CODE_SIGN_ENTITLEMENTS = "Out for Delivery/Out_for_Delivery.entitlements";
				CODE_SIGN_STYLE = Automatic;
				CURRENT_PROJECT_VERSION = 1;
				DEVELOPMENT_TEAM = UL47LX4LG6;
				ENABLE_PREVIEWS = YES;
				GENERATE_INFOPLIST_FILE = YES;
				INFOPLIST_FILE = "Out for Delivery/Info.plist";
				INFOPLIST_KEY_UIApplicationSceneManifest_Generation = YES;
				INFOPLIST_KEY_UIApplicationSupportsIndirectInputEvents = YES;
				INFOPLIST_KEY_UILaunchScreen_Generation = YES;
				INFOPLIST_KEY_UISupportedInterfaceOrientations_iPad = "UIInterfaceOrientationPortrait UIInterfaceOrientationPortraitUpsideDown UIInterfaceOrientationLandscapeLeft UIInterfaceOrientationLandscapeRight";
				INFOPLIST_KEY_UISupportedInterfaceOrientations_iPhone = "UIInterfaceOrientationPortrait UIInterfaceOrientationLandscapeLeft UIInterfaceOrientationLandscapeRight";
				LD_RUNPATH_SEARCH_PATHS = (
					"$(inherited)",
					"@executable_path/Frameworks",
				);
				MARKETING_VERSION = 1.0;
				PRODUCT_BUNDLE_IDENTIFIER = "us.yeomans.Out-for-Delivery";
				PRODUCT_NAME = "$(TARGET_NAME)";
				STRING_CATALOG_GENERATE_SYMBOLS = YES;
				SWIFT_APPROACHABLE_CONCURRENCY = YES;
				SWIFT_DEFAULT_ACTOR_ISOLATION = MainActor;
				SWIFT_EMIT_LOC_STRINGS = YES;
				SWIFT_UPCOMING_FEATURE_MEMBER_IMPORT_VISIBILITY = YES;
				SWIFT_VERSION = 5.0;
				TARGETED_DEVICE_FAMILY = "1,2";
			};
			name = Debug;
		};
		9619DFAD2FE47A2000506BB5 /* Release */ = {
			isa = XCBuildConfiguration;
			buildSettings = {
				ASSETCATALOG_COMPILER_APPICON_NAME = "Out-for-Delivery";
				ASSETCATALOG_COMPILER_GLOBAL_ACCENT_COLOR_NAME = AccentColor;
				CODE_SIGN_ENTITLEMENTS = "Out for Delivery/Out_for_Delivery.entitlements";
				CODE_SIGN_STYLE = Automatic;
				CURRENT_PROJECT_VERSION = 1;
				DEVELOPMENT_TEAM = UL47LX4LG6;
				ENABLE_PREVIEWS = YES;
				GENERATE_INFOPLIST_FILE = YES;
				INFOPLIST_FILE = "Out for Delivery/Info.plist";
				INFOPLIST_KEY_UIApplicationSceneManifest_Generation = YES;
				INFOPLIST_KEY_UIApplicationSupportsIndirectInputEvents = YES;
				INFOPLIST_KEY_UILaunchScreen_Generation = YES;
				INFOPLIST_KEY_UISupportedInterfaceOrientations_iPad = "UIInterfaceOrientationPortrait UIInterfaceOrientationPortraitUpsideDown UIInterfaceOrientationLandscapeLeft UIInterfaceOrientationLandscapeRight";
				INFOPLIST_KEY_UISupportedInterfaceOrientations_iPhone = "UIInterfaceOrientationPortrait UIInterfaceOrientationLandscapeLeft UIInterfaceOrientationLandscapeRight";
				LD_RUNPATH_SEARCH_PATHS = (
					"$(inherited)",
					"@executable_path/Frameworks",
				);
				MARKETING_VERSION = 1.0;
				PRODUCT_BUNDLE_IDENTIFIER = "us.yeomans.Out-for-Delivery";
				PRODUCT_NAME = "$(TARGET_NAME)";
				STRING_CATALOG_GENERATE_SYMBOLS = YES;
				SWIFT_APPROACHABLE_CONCURRENCY = YES;
				SWIFT_DEFAULT_ACTOR_ISOLATION = MainActor;
				SWIFT_EMIT_LOC_STRINGS = YES;
				SWIFT_UPCOMING_FEATURE_MEMBER_IMPORT_VISIBILITY = YES;
				SWIFT_VERSION = 5.0;
				TARGETED_DEVICE_FAMILY = "1,2";
			};
			name = Release;
		};
		9619DFAE2FE47A2000506BB5 /* Debug */ = {
			isa = XCBuildConfiguration;
			buildSettings = {
				ALWAYS_SEARCH_USER_PATHS = NO;
				ASSETCATALOG_COMPILER_GENERATE_SWIFT_ASSET_SYMBOL_EXTENSIONS = YES;
				CLANG_ANALYZER_NONNULL = YES;
				CLANG_ANALYZER_NUMBER_OBJECT_CONVERSION = YES_AGGRESSIVE;
				CLANG_CXX_LANGUAGE_STANDARD = "gnu++20";
				CLANG_ENABLE_MODULES = YES;
				CLANG_ENABLE_OBJC_ARC = YES;
				CLANG_ENABLE_OBJC_WEAK = YES;
				CLANG_WARN_BLOCK_CAPTURE_AUTORELEASING = YES;
				CLANG_WARN_BOOL_CONVERSION = YES;
				CLANG_WARN_COMMA = YES;
				CLANG_WARN_CONSTANT_CONVERSION = YES;
				CLANG_WARN_DEPRECATED_OBJC_IMPLEMENTATIONS = YES;
				CLANG_WARN_DIRECT_OBJC_ISA_USAGE = YES_ERROR;
				CLANG_WARN_DOCUMENTATION_COMMENTS = YES;
				CLANG_WARN_EMPTY_BODY = YES;
				CLANG_WARN_ENUM_CONVERSION = YES;
				CLANG_WARN_INFINITE_RECURSION = YES;
				CLANG_WARN_INT_CONVERSION = YES;
				CLANG_WARN_NON_LITERAL_NULL_CONVERSION = YES;
				CLANG_WARN_OBJC_IMPLICIT_RETAIN_SELF = YES;
				CLANG_WARN_OBJC_LITERAL_CONVERSION = YES;
				CLANG_WARN_OBJC_ROOT_CLASS = YES_ERROR;
				CLANG_WARN_QUOTED_INCLUDE_IN_FRAMEWORK_HEADER = YES;
				CLANG_WARN_RANGE_LOOP_ANALYSIS = YES;
				CLANG_WARN_STRICT_PROTOTYPES = YES;
				CLANG_WARN_SUSPICIOUS_MOVE = YES;
				CLANG_WARN_UNGUARDED_AVAILABILITY = YES_AGGRESSIVE;
				CLANG_WARN_UNREACHABLE_CODE = YES;
				CLANG_WARN__DUPLICATE_METHOD_MATCH = YES;
				COPY_PHASE_STRIP = NO;
				DEBUG_INFORMATION_FORMAT = dwarf;
				DEVELOPMENT_TEAM = UL47LX4LG6;
				ENABLE_STRICT_OBJC_MSGSEND = YES;
				ENABLE_TESTABILITY = YES;
				ENABLE_USER_SCRIPT_SANDBOXING = YES;
				GCC_C_LANGUAGE_STANDARD = gnu17;
				GCC_DYNAMIC_NO_PIC = NO;
				GCC_NO_COMMON_BLOCKS = YES;
				GCC_OPTIMIZATION_LEVEL = 0;
				GCC_PREPROCESSOR_DEFINITIONS = (
					"DEBUG=1",
					"$(inherited)",
				);
				GCC_WARN_64_TO_32_BIT_CONVERSION = YES;
				GCC_WARN_ABOUT_RETURN_TYPE = YES_ERROR;
				GCC_WARN_UNDECLARED_SELECTOR = YES;
				GCC_WARN_UNINITIALIZED_AUTOS = YES_AGGRESSIVE;
				GCC_WARN_UNUSED_FUNCTION = YES;
				GCC_WARN_UNUSED_VARIABLE = YES;
				IPHONEOS_DEPLOYMENT_TARGET = 26.5;
				LOCALIZATION_PREFERS_STRING_CATALOGS = YES;
				MTL_ENABLE_DEBUG_INFO = INCLUDE_SOURCE;
				MTL_FAST_MATH = YES;
				ONLY_ACTIVE_ARCH = YES;
				SDKROOT = iphoneos;
				STRING_CATALOG_GENERATE_SYMBOLS = YES;
				SWIFT_ACTIVE_COMPILATION_CONDITIONS = "DEBUG $(inherited)";
				SWIFT_OPTIMIZATION_LEVEL = "-Onone";
			};
			name = Debug;
		};
		9619DFAF2FE47A2000506BB5 /* Release */ = {
			isa = XCBuildConfiguration;
			buildSettings = {
				ALWAYS_SEARCH_USER_PATHS = NO;
				ASSETCATALOG_COMPILER_GENERATE_SWIFT_ASSET_SYMBOL_EXTENSIONS = YES;
				CLANG_ANALYZER_NONNULL = YES;
				CLANG_ANALYZER_NUMBER_OBJECT_CONVERSION = YES_AGGRESSIVE;
				CLANG_CXX_LANGUAGE_STANDARD = "gnu++20";
				CLANG_ENABLE_MODULES = YES;
				CLANG_ENABLE_OBJC_ARC = YES;
				CLANG_ENABLE_OBJC_WEAK = YES;
				CLANG_WARN_BLOCK_CAPTURE_AUTORELEASING = YES;
				CLANG_WARN_BOOL_CONVERSION = YES;
				CLANG_WARN_COMMA = YES;
				CLANG_WARN_CONSTANT_CONVERSION = YES;
				CLANG_WARN_DEPRECATED_OBJC_IMPLEMENTATIONS = YES;
				CLANG_WARN_DIRECT_OBJC_ISA_USAGE = YES_ERROR;
				CLANG_WARN_DOCUMENTATION_COMMENTS = YES;
				CLANG_WARN_EMPTY_BODY = YES;
				CLANG_WARN_ENUM_CONVERSION = YES;
				CLANG_WARN_INFINITE_RECURSION = YES;
				CLANG_WARN_INT_CONVERSION = YES;
				CLANG_WARN_NON_LITERAL_NULL_CONVERSION = YES;
				CLANG_WARN_OBJC_IMPLICIT_RETAIN_SELF = YES;
				CLANG_WARN_OBJC_LITERAL_CONVERSION = YES;
				CLANG_WARN_OBJC_ROOT_CLASS = YES_ERROR;
				CLANG_WARN_QUOTED_INCLUDE_IN_FRAMEWORK_HEADER = YES;
				CLANG_WARN_RANGE_LOOP_ANALYSIS = YES;
				CLANG_WARN_STRICT_PROTOTYPES = YES;
				CLANG_WARN_SUSPICIOUS_MOVE = YES;
				CLANG_WARN_UNGUARDED_AVAILABILITY = YES_AGGRESSIVE;
				CLANG_WARN_UNREACHABLE_CODE = YES;
				CLANG_WARN__DUPLICATE_METHOD_MATCH = YES;
				COPY_PHASE_STRIP = NO;
				DEBUG_INFORMATION_FORMAT = "dwarf-with-dsym";
				DEVELOPMENT_TEAM = UL47LX4LG6;
				ENABLE_NS_ASSERTIONS = NO;
				ENABLE_STRICT_OBJC_MSGSEND = YES;
				ENABLE_USER_SCRIPT_SANDBOXING = YES;
				GCC_C_LANGUAGE_STANDARD = gnu17;
				GCC_NO_COMMON_BLOCKS = YES;
				GCC_WARN_64_TO_32_BIT_CONVERSION = YES;
				GCC_WARN_ABOUT_RETURN_TYPE = YES_ERROR;
				GCC_WARN_UNDECLARED_SELECTOR = YES;
				GCC_WARN_UNINITIALIZED_AUTOS = YES_AGGRESSIVE;
				GCC_WARN_UNUSED_FUNCTION = YES;
				GCC_WARN_UNUSED_VARIABLE = YES;
				IPHONEOS_DEPLOYMENT_TARGET = 26.5;
				LOCALIZATION_PREFERS_STRING_CATALOGS = YES;
				MTL_ENABLE_DEBUG_INFO = NO;
				MTL_FAST_MATH = YES;
				SDKROOT = iphoneos;
				STRING_CATALOG_GENERATE_SYMBOLS = YES;
				SWIFT_COMPILATION_MODE = wholemodule;
				VALIDATE_PRODUCT = YES;
			};
			name = Release;
		};
		9619DFB12FE47A2000506BB5 /* Debug */ = {
			isa = XCBuildConfiguration;
			buildSettings = {
				BUNDLE_LOADER = "$(TEST_HOST)";
				CODE_SIGN_STYLE = Automatic;
				CURRENT_PROJECT_VERSION = 1;
				DEVELOPMENT_TEAM = UL47LX4LG6;
				GENERATE_INFOPLIST_FILE = YES;
				IPHONEOS_DEPLOYMENT_TARGET = 26.5;
				MARKETING_VERSION = 1.0;
				PRODUCT_BUNDLE_IDENTIFIER = "us.yeomans.Out-for-DeliveryTests";
				PRODUCT_NAME = "$(TARGET_NAME)";
				STRING_CATALOG_GENERATE_SYMBOLS = NO;
				SWIFT_APPROACHABLE_CONCURRENCY = YES;
				SWIFT_EMIT_LOC_STRINGS = NO;
				SWIFT_UPCOMING_FEATURE_MEMBER_IMPORT_VISIBILITY = YES;
				SWIFT_VERSION = 5.0;
				TARGETED_DEVICE_FAMILY = "1,2";
				TEST_HOST = "$(BUILT_PRODUCTS_DIR)/Out for Delivery.app/$(BUNDLE_EXECUTABLE_FOLDER_PATH)/Out for Delivery";
			};
			name = Debug;
		};
		9619DFB22FE47A2000506BB5 /* Release */ = {
			isa = XCBuildConfiguration;
			buildSettings = {
				BUNDLE_LOADER = "$(TEST_HOST)";
				CODE_SIGN_STYLE = Automatic;
				CURRENT_PROJECT_VERSION = 1;
				DEVELOPMENT_TEAM = UL47LX4LG6;
				GENERATE_INFOPLIST_FILE = YES;
				IPHONEOS_DEPLOYMENT_TARGET = 26.5;
				MARKETING_VERSION = 1.0;
				PRODUCT_BUNDLE_IDENTIFIER = "us.yeomans.Out-for-DeliveryTests";
				PRODUCT_NAME = "$(TARGET_NAME)";
				STRING_CATALOG_GENERATE_SYMBOLS = NO;
				SWIFT_APPROACHABLE_CONCURRENCY = YES;
				SWIFT_EMIT_LOC_STRINGS = NO;
				SWIFT_UPCOMING_FEATURE_MEMBER_IMPORT_VISIBILITY = YES;
				SWIFT_VERSION = 5.0;
				TARGETED_DEVICE_FAMILY = "1,2";
				TEST_HOST = "$(BUILT_PRODUCTS_DIR)/Out for Delivery.app/$(BUNDLE_EXECUTABLE_FOLDER_PATH)/Out for Delivery";
			};
			name = Release;
		};
		9619DFB42FE47A2000506BB5 /* Debug */ = {
			isa = XCBuildConfiguration;
			buildSettings = {
				CODE_SIGN_STYLE = Automatic;
				CURRENT_PROJECT_VERSION = 1;
				DEVELOPMENT_TEAM = UL47LX4LG6;
				GENERATE_INFOPLIST_FILE = YES;
				MARKETING_VERSION = 1.0;
				PRODUCT_BUNDLE_IDENTIFIER = "us.yeomans.Out-for-DeliveryUITests";
				PRODUCT_NAME = "$(TARGET_NAME)";
				STRING_CATALOG_GENERATE_SYMBOLS = NO;
				SWIFT_APPROACHABLE_CONCURRENCY = YES;
				SWIFT_EMIT_LOC_STRINGS = NO;
				SWIFT_UPCOMING_FEATURE_MEMBER_IMPORT_VISIBILITY = YES;
				SWIFT_VERSION = 5.0;
				TARGETED_DEVICE_FAMILY = "1,2";
				TEST_TARGET_NAME = "Out for Delivery";
			};
			name = Debug;
		};
		9619DFB52FE47A2000506BB5 /* Release */ = {
			isa = XCBuildConfiguration;
			buildSettings = {
				CODE_SIGN_STYLE = Automatic;
				CURRENT_PROJECT_VERSION = 1;
				DEVELOPMENT_TEAM = UL47LX4LG6;
				GENERATE_INFOPLIST_FILE = YES;
				MARKETING_VERSION = 1.0;
				PRODUCT_BUNDLE_IDENTIFIER = "us.yeomans.Out-for-DeliveryUITests";
				PRODUCT_NAME = "$(TARGET_NAME)";
				STRING_CATALOG_GENERATE_SYMBOLS = NO;
				SWIFT_APPROACHABLE_CONCURRENCY = YES;
				SWIFT_EMIT_LOC_STRINGS = NO;
				SWIFT_UPCOMING_FEATURE_MEMBER_IMPORT_VISIBILITY = YES;
				SWIFT_VERSION = 5.0;
				TARGETED_DEVICE_FAMILY = "1,2";
				TEST_TARGET_NAME = "Out for Delivery";
			};
			name = Release;
		};
		9619DFF02FE47E1A00506BB5 /* Debug */ = {
			isa = XCBuildConfiguration;
			buildSettings = {
				ASSETCATALOG_COMPILER_GLOBAL_ACCENT_COLOR_NAME = AccentColor;
				ASSETCATALOG_COMPILER_WIDGET_BACKGROUND_COLOR_NAME = WidgetBackground;
				CODE_SIGN_STYLE = Automatic;
				CURRENT_PROJECT_VERSION = 1;
				DEVELOPMENT_TEAM = UL47LX4LG6;
				GENERATE_INFOPLIST_FILE = YES;
				INFOPLIST_FILE = LiveActivity/Info.plist;
				INFOPLIST_KEY_CFBundleDisplayName = LiveActivity;
				INFOPLIST_KEY_NSHumanReadableCopyright = "";
				LD_RUNPATH_SEARCH_PATHS = (
					"$(inherited)",
					"@executable_path/Frameworks",
					"@executable_path/../../Frameworks",
				);
				MARKETING_VERSION = 1.0;
				PRODUCT_BUNDLE_IDENTIFIER = "us.yeomans.Out-for-Delivery.LiveActivity";
				PRODUCT_NAME = "$(TARGET_NAME)";
				SKIP_INSTALL = YES;
				STRING_CATALOG_GENERATE_SYMBOLS = YES;
				SWIFT_APPROACHABLE_CONCURRENCY = YES;
				SWIFT_EMIT_LOC_STRINGS = YES;
				SWIFT_UPCOMING_FEATURE_MEMBER_IMPORT_VISIBILITY = YES;
				SWIFT_VERSION = 5.0;
				TARGETED_DEVICE_FAMILY = "1,2";
			};
			name = Debug;
		};
		9619DFF12FE47E1A00506BB5 /* Release */ = {
			isa = XCBuildConfiguration;
			buildSettings = {
				ASSETCATALOG_COMPILER_GLOBAL_ACCENT_COLOR_NAME = AccentColor;
				ASSETCATALOG_COMPILER_WIDGET_BACKGROUND_COLOR_NAME = WidgetBackground;
				CODE_SIGN_STYLE = Automatic;
				CURRENT_PROJECT_VERSION = 1;
				DEVELOPMENT_TEAM = UL47LX4LG6;
				GENERATE_INFOPLIST_FILE = YES;
				INFOPLIST_FILE = LiveActivity/Info.plist;
				INFOPLIST_KEY_CFBundleDisplayName = LiveActivity;
				INFOPLIST_KEY_NSHumanReadableCopyright = "";
				LD_RUNPATH_SEARCH_PATHS = (
					"$(inherited)",
					"@executable_path/Frameworks",
					"@executable_path/../../Frameworks",
				);
				MARKETING_VERSION = 1.0;
				PRODUCT_BUNDLE_IDENTIFIER = "us.yeomans.Out-for-Delivery.LiveActivity";
				PRODUCT_NAME = "$(TARGET_NAME)";
				SKIP_INSTALL = YES;
				STRING_CATALOG_GENERATE_SYMBOLS = YES;
				SWIFT_APPROACHABLE_CONCURRENCY = YES;
				SWIFT_EMIT_LOC_STRINGS = YES;
				SWIFT_UPCOMING_FEATURE_MEMBER_IMPORT_VISIBILITY = YES;
				SWIFT_VERSION = 5.0;
				TARGETED_DEVICE_FAMILY = "1,2";
			};
			name = Release;
		};
/* End XCBuildConfiguration section */

/* Begin XCConfigurationList section */
		9619DF822FE47A1F00506BB5 /* Build configuration list for PBXProject "Out for Delivery" */ = {
			isa = XCConfigurationList;
			buildConfigurations = (
				9619DFAE2FE47A2000506BB5 /* Debug */,
				9619DFAF2FE47A2000506BB5 /* Release */,
			);
			defaultConfigurationIsVisible = 0;
			defaultConfigurationName = Release;
		};
		9619DFAB2FE47A2000506BB5 /* Build configuration list for PBXNativeTarget "Out for Delivery" */ = {
			isa = XCConfigurationList;
			buildConfigurations = (
				9619DFAC2FE47A2000506BB5 /* Debug */,
				9619DFAD2FE47A2000506BB5 /* Release */,
			);
			defaultConfigurationIsVisible = 0;
			defaultConfigurationName = Release;
		};
		9619DFB02FE47A2000506BB5 /* Build configuration list for PBXNativeTarget "Out for DeliveryTests" */ = {
			isa = XCConfigurationList;
			buildConfigurations = (
				9619DFB12FE47A2000506BB5 /* Debug */,
				9619DFB22FE47A2000506BB5 /* Release */,
			);
			defaultConfigurationIsVisible = 0;
			defaultConfigurationName = Release;
		};
		9619DFB32FE47A2000506BB5 /* Build configuration list for PBXNativeTarget "Out for DeliveryUITests" */ = {
			isa = XCConfigurationList;
			buildConfigurations = (
				9619DFB42FE47A2000506BB5 /* Debug */,
				9619DFB52FE47A2000506BB5 /* Release */,
			);
			defaultConfigurationIsVisible = 0;
			defaultConfigurationName = Release;
		};
		9619DFEF2FE47E1A00506BB5 /* Build configuration list for PBXNativeTarget "LiveActivityExtension" */ = {
			isa = XCConfigurationList;
			buildConfigurations = (
				9619DFF02FE47E1A00506BB5 /* Debug */,
				9619DFF12FE47E1A00506BB5 /* Release */,
			);
			defaultConfigurationIsVisible = 0;
			defaultConfigurationName = Release;
		};
/* End XCConfigurationList section */
	};
	rootObject = 9619DF7F2FE47A1F00506BB5 /* Project object */;
}
